
Microsoft Visual Studio Solution File, Format Version 12.00
# Visual Studio Version 17
VisualStudioVersion = 17.0.32126.317
MinimumVisualStudioVersion = 10.0.40219.1
Project("{9A19103F-16F7-4668-BE54-9A1E7A4F7556}") = "IdentityModule", "IdentityModule.csproj", "{024F3571-E253-4D18-B208-AA1C1025FF7C}"
EndProject
Global
	GlobalSection(SolutionConfigurationPlatforms) = preSolution
		Debug|Any CPU = Debug|Any CPU
		Release|Any CPU = Release|Any CPU
	EndGlobalSection
	GlobalSection(ProjectConfigurationPlatforms) = postSolution
		{024F3571-E253-4D18-B208-AA1C1025FF7C}.Debug|Any CPU.ActiveCfg = Debug|Any CPU
		{024F3571-E253-4D18-B208-AA1C1025FF7C}.Debug|Any CPU.Build.0 = Debug|Any CPU
		{024F3571-E253-4D18-B208-AA1C1025FF7C}.Release|Any CPU.ActiveCfg = Release|Any CPU
		{024F3571-E253-4D18-B208-AA1C1025FF7C}.Release|Any CPU.Build.0 = Release|Any CPU
	EndGlobalSection
	GlobalSection(SolutionProperties) = preSolution
		HideSolutionNode = FALSE
	EndGlobalSection
	GlobalSection(ExtensibilityGlobals) = postSolution
		SolutionGuid = {8A60087B-C777-4A25-953B-B2374D1F4BC9}
	EndGlobalSection
EndGlobal
